
Microsoft Visual Studio Solution File, Format Version 12.00
# Visual Studio 15
VisualStudioVersion = 15.0.27130.2036
MinimumVisualStudioVersion = 10.0.40219.1
Project("{FAE04EC0-301F-11D3-BF4B-00C04F79EFBC}") = "MemoApp", "MemoApp\MemoApp.csproj", "{001B7761-0ECD-4D63-BA50-1BAE058453D5}"
EndProject
Global
	GlobalSection(SolutionConfigurationPlatforms) = preSolution
		Debug|Any CPU = Debug|Any CPU
		Release|Any CPU = Release|Any CPU
	EndGlobalSection
	GlobalSection(ProjectConfigurationPlatforms) = postSolution
		{001B7761-0ECD-4D63-BA50-1BAE058453D5}.Debug|Any CPU.ActiveCfg = Debug|Any CPU
		{001B7761-0ECD-4D63-BA50-1BAE058453D5}.Debug|Any CPU.Build.0 = Debug|Any CPU
		{001B7761-0ECD-4D63-BA50-1BAE058453D5}.Release|Any CPU.ActiveCfg = Release|Any CPU
		{001B7761-0ECD-4D63-BA50-1BAE058453D5}.Release|Any CPU.Build.0 = Release|Any CPU
	EndGlobalSection
	GlobalSection(SolutionProperties) = preSolution
		HideSolutionNode = FALSE
	EndGlobalSection
	GlobalSection(ExtensibilityGlobals) = postSolution
		SolutionGuid = {DB940539-4184-4F7A-AC96-0DE65BBC7818}
	EndGlobalSection
EndGlobal
