
Microsoft Visual Studio Solution File, Format Version 12.00
# Visual Studio 15
VisualStudioVersion = 15.0.27130.2036
MinimumVisualStudioVersion = 10.0.40219.1
Project("{FAE04EC0-301F-11D3-BF4B-00C04F79EFBC}") = "Handin2_1", "Handin2_1\Handin2_1.csproj", "{1F832581-7098-4204-9E3D-CF68CCA2B3F4}"
EndProject
Project("{00D1A9C2-B5F0-4AF3-8072-F6C62B433612}") = "Database_Handin2", "Database_Handin2\Database_Handin2.sqlproj", "{829CFD01-8A25-4AB9-AA47-E6694B0772A2}"
EndProject
Global
	GlobalSection(SolutionConfigurationPlatforms) = preSolution
		Debug|Any CPU = Debug|Any CPU
		Release|Any CPU = Release|Any CPU
	EndGlobalSection
	GlobalSection(ProjectConfigurationPlatforms) = postSolution
		{1F832581-7098-4204-9E3D-CF68CCA2B3F4}.Debug|Any CPU.ActiveCfg = Debug|Any CPU
		{1F832581-7098-4204-9E3D-CF68CCA2B3F4}.Debug|Any CPU.Build.0 = Debug|Any CPU
		{1F832581-7098-4204-9E3D-CF68CCA2B3F4}.Release|Any CPU.ActiveCfg = Release|Any CPU
		{1F832581-7098-4204-9E3D-CF68CCA2B3F4}.Release|Any CPU.Build.0 = Release|Any CPU
		{829CFD01-8A25-4AB9-AA47-E6694B0772A2}.Debug|Any CPU.ActiveCfg = Debug|Any CPU
		{829CFD01-8A25-4AB9-AA47-E6694B0772A2}.Debug|Any CPU.Build.0 = Debug|Any CPU
		{829CFD01-8A25-4AB9-AA47-E6694B0772A2}.Debug|Any CPU.Deploy.0 = Debug|Any CPU
		{829CFD01-8A25-4AB9-AA47-E6694B0772A2}.Release|Any CPU.ActiveCfg = Release|Any CPU
		{829CFD01-8A25-4AB9-AA47-E6694B0772A2}.Release|Any CPU.Build.0 = Release|Any CPU
		{829CFD01-8A25-4AB9-AA47-E6694B0772A2}.Release|Any CPU.Deploy.0 = Release|Any CPU
	EndGlobalSection
	GlobalSection(SolutionProperties) = preSolution
		HideSolutionNode = FALSE
	EndGlobalSection
	GlobalSection(ExtensibilityGlobals) = postSolution
		SolutionGuid = {08B341C0-F264-474A-970A-7529A4B32A65}
	EndGlobalSection
EndGlobal
